// !$*UTF8*$!
{
	archiveVersion = 1;
	classes = {
	};
	objectVersion = 55;
	objects = {

/* Begin PBXBuildFile section */
		7620F74C2862EFBB00AB840C /* AppDelegate.swift in Sources */ = {isa = PBXBuildFile; fileRef = 7620F74B2862EFBB00AB840C /* AppDelegate.swift */; };
		7620F74E2862EFBB00AB840C /* SceneDelegate.swift in Sources */ = {isa = PBXBuildFile; fileRef = 7620F74D2862EFBB00AB840C /* SceneDelegate.swift */; };
		7620F7532862EFBB00AB840C /* Main.storyboard in Resources */ = {isa = PBXBuildFile; fileRef = 7620F7512862EFBB00AB840C /* Main.storyboard */; };
		7620F7552862EFBC00AB840C /* Assets.xcassets in Resources */ = {isa = PBXBuildFile; fileRef = 7620F7542862EFBC00AB840C /* Assets.xcassets */; };
		7620F7582862EFBC00AB840C /* LaunchScreen.storyboard in Resources */ = {isa = PBXBuildFile; fileRef = 7620F7562862EFBC00AB840C /* LaunchScreen.storyboard */; };
		7620F7612862F22100AB840C /* Realm in Frameworks */ = {isa = PBXBuildFile; productRef = 7620F7602862F22100AB840C /* Realm */; };
		7620F7632862F22100AB840C /* RealmSwift in Frameworks */ = {isa = PBXBuildFile; productRef = 7620F7622862F22100AB840C /* RealmSwift */; };
		7620F7662862F42E00AB840C /* MyListExpenseTableViewController.swift in Sources */ = {isa = PBXBuildFile; fileRef = 7620F7652862F42E00AB840C /* MyListExpenseTableViewController.swift */; };
		7623B68A2864CA210051FC35 /* ExpenseListTableViewCell.swift in Sources */ = {isa = PBXBuildFile; fileRef = 7623B6892864CA210051FC35 /* ExpenseListTableViewCell.swift */; };
		763E59802863348C00953BE4 /* ExpensesTableViewController.swift in Sources */ = {isa = PBXBuildFile; fileRef = 763E597F2863348C00953BE4 /* ExpensesTableViewController.swift */; };
		767360192863089100BD7B2E /* DataManager.swift in Sources */ = {isa = PBXBuildFile; fileRef = 767360182863089100BD7B2E /* DataManager.swift */; };
		76A3A2EE2862FE2500FBD24B /* ModelExpense.swift in Sources */ = {isa = PBXBuildFile; fileRef = 76A3A2ED2862FE2500FBD24B /* ModelExpense.swift */; };
		76A3A2F12863008D00FBD24B /* StorageManager.swift in Sources */ = {isa = PBXBuildFile; fileRef = 76A3A2F02863008D00FBD24B /* StorageManager.swift */; };
/* End PBXBuildFile section */

/* Begin PBXFileReference section */
		7620F7482862EFBB00AB840C /* MyListExpenses.app */ = {isa = PBXFileReference; explicitFileType = wrapper.application; includeInIndex = 0; path = MyListExpenses.app; sourceTree = BUILT_PRODUCTS_DIR; };
		7620F74B2862EFBB00AB840C /* AppDelegate.swift */ = {isa = PBXFileReference; lastKnownFileType = sourcecode.swift; path = AppDelegate.swift; sourceTree = "<group>"; };
		7620F74D2862EFBB00AB840C /* SceneDelegate.swift */ = {isa = PBXFileReference; lastKnownFileType = sourcecode.swift; path = SceneDelegate.swift; sourceTree = "<group>"; };
		7620F7522862EFBB00AB840C /* Base */ = {isa = PBXFileReference; lastKnownFileType = file.storyboard; name = Base; path = Base.lproj/Main.storyboard; sourceTree = "<group>"; };
		7620F7542862EFBC00AB840C /* Assets.xcassets */ = {isa = PBXFileReference; lastKnownFileType = folder.assetcatalog; path = Assets.xcassets; sourceTree = "<group>"; };
		7620F7572862EFBC00AB840C /* Base */ = {isa = PBXFileReference; lastKnownFileType = file.storyboard; name = Base; path = Base.lproj/LaunchScreen.storyboard; sourceTree = "<group>"; };
		7620F7592862EFBC00AB840C /* Info.plist */ = {isa = PBXFileReference; lastKnownFileType = text.plist.xml; path = Info.plist; sourceTree = "<group>"; };
		7620F7652862F42E00AB840C /* MyListExpenseTableViewController.swift */ = {isa = PBXFileReference; lastKnownFileType = sourcecode.swift; path = MyListExpenseTableViewController.swift; sourceTree = "<group>"; };
		7623B6892864CA210051FC35 /* ExpenseListTableViewCell.swift */ = {isa = PBXFileReference; lastKnownFileType = sourcecode.swift; path = ExpenseListTableViewCell.swift; sourceTree = "<group>"; };
		763E597F2863348C00953BE4 /* ExpensesTableViewController.swift */ = {isa = PBXFileReference; lastKnownFileType = sourcecode.swift; path = ExpensesTableViewController.swift; sourceTree = "<group>"; };
		767360182863089100BD7B2E /* DataManager.swift */ = {isa = PBXFileReference; lastKnownFileType = sourcecode.swift; path = DataManager.swift; sourceTree = "<group>"; };
		76A3A2ED2862FE2500FBD24B /* ModelExpense.swift */ = {isa = PBXFileReference; lastKnownFileType = sourcecode.swift; path = ModelExpense.swift; sourceTree = "<group>"; };
		76A3A2F02863008D00FBD24B /* StorageManager.swift */ = {isa = PBXFileReference; lastKnownFileType = sourcecode.swift; path = StorageManager.swift; sourceTree = "<group>"; };
/* End PBXFileReference section */

/* Begin PBXFrameworksBuildPhase section */
		7620F7452862EFBB00AB840C /* Frameworks */ = {
			isa = PBXFrameworksBuildPhase;
			buildActionMask = 2147483647;
			files = (
				7620F7632862F22100AB840C /* RealmSwift in Frameworks */,
				7620F7612862F22100AB840C /* Realm in Frameworks */,
			);
			runOnlyForDeploymentPostprocessing = 0;
		};
/* End PBXFrameworksBuildPhase section */

/* Begin PBXGroup section */
		7620F73F2862EFBB00AB840C = {
			isa = PBXGroup;
			children = (
				7620F74A2862EFBB00AB840C /* MyListExpenses */,
				7620F7492862EFBB00AB840C /* Products */,
			);
			sourceTree = "<group>";
		};
		7620F7492862EFBB00AB840C /* Products */ = {
			isa = PBXGroup;
			children = (
				7620F7482862EFBB00AB840C /* MyListExpenses.app */,
			);
			name = Products;
			sourceTree = "<group>";
		};
		7620F74A2862EFBB00AB840C /* MyListExpenses */ = {
			isa = PBXGroup;
			children = (
				7623B6882864C9F90051FC35 /* Cells */,
				76A3A2EF2863005C00FBD24B /* Services */,
				76A3A2EC2862FE0C00FBD24B /* Model */,
				7620F7642862F31000AB840C /* App */,
				7620F7672862F44D00AB840C /* View */,
				7620F7682862F45D00AB840C /* StoryBoard */,
				7620F7542862EFBC00AB840C /* Assets.xcassets */,
			);
			path = MyListExpenses;
			sourceTree = "<group>";
		};
		7620F7642862F31000AB840C /* App */ = {
			isa = PBXGroup;
			children = (
				7620F74B2862EFBB00AB840C /* AppDelegate.swift */,
				7620F74D2862EFBB00AB840C /* SceneDelegate.swift */,
				7620F7592862EFBC00AB840C /* Info.plist */,
			);
			path = App;
			sourceTree = "<group>";
		};
		7620F7672862F44D00AB840C /* View */ = {
			isa = PBXGroup;
			children = (
				7620F7652862F42E00AB840C /* MyListExpenseTableViewController.swift */,
				763E597F2863348C00953BE4 /* ExpensesTableViewController.swift */,
			);
			path = View;
			sourceTree = "<group>";
		};
		7620F7682862F45D00AB840C /* StoryBoard */ = {
			isa = PBXGroup;
			children = (
				7620F7512862EFBB00AB840C /* Main.storyboard */,
				7620F7562862EFBC00AB840C /* LaunchScreen.storyboard */,
			);
			path = StoryBoard;
			sourceTree = "<group>";
		};
		7623B6882864C9F90051FC35 /* Cells */ = {
			isa = PBXGroup;
			children = (
				7623B6892864CA210051FC35 /* ExpenseListTableViewCell.swift */,
			);
			path = Cells;
			sourceTree = "<group>";
		};
		76A3A2EC2862FE0C00FBD24B /* Model */ = {
			isa = PBXGroup;
			children = (
				76A3A2ED2862FE2500FBD24B /* ModelExpense.swift */,
			);
			path = Model;
			sourceTree = "<group>";
		};
		76A3A2EF2863005C00FBD24B /* Services */ = {
			isa = PBXGroup;
			children = (
				76A3A2F02863008D00FBD24B /* StorageManager.swift */,
				767360182863089100BD7B2E /* DataManager.swift */,
			);
			path = Services;
			sourceTree = "<group>";
		};
/* End PBXGroup section */

/* Begin PBXNativeTarget section */
		7620F7472862EFBB00AB840C /* MyListExpenses */ = {
			isa = PBXNativeTarget;
			buildConfigurationList = 7620F75C2862EFBC00AB840C /* Build configuration list for PBXNativeTarget "MyListExpenses" */;
			buildPhases = (
				7620F7442862EFBB00AB840C /* Sources */,
				7620F7452862EFBB00AB840C /* Frameworks */,
				7620F7462862EFBB00AB840C /* Resources */,
			);
			buildRules = (
			);
			dependencies = (
			);
			name = MyListExpenses;
			packageProductDependencies = (
				7620F7602862F22100AB840C /* Realm */,
				7620F7622862F22100AB840C /* RealmSwift */,
			);
			productName = MyListExpenses;
			productReference = 7620F7482862EFBB00AB840C /* MyListExpenses.app */;
			productType = "com.apple.product-type.application";
		};
/* End PBXNativeTarget section */

/* Begin PBXProject section */
		7620F7402862EFBB00AB840C /* Project object */ = {
			isa = PBXProject;
			attributes = {
				BuildIndependentTargetsInParallel = 1;
				LastSwiftUpdateCheck = 1330;
				LastUpgradeCheck = 1330;
				TargetAttributes = {
					7620F7472862EFBB00AB840C = {
						CreatedOnToolsVersion = 13.3.1;
					};
				};
			};
			buildConfigurationList = 7620F7432862EFBB00AB840C /* Build configuration list for PBXProject "MyListExpenses" */;
			compatibilityVersion = "Xcode 13.0";
			developmentRegion = en;
			hasScannedForEncodings = 0;
			knownRegions = (
				en,
				Base,
			);
			mainGroup = 7620F73F2862EFBB00AB840C;
			packageReferences = (
				7620F75F2862F22100AB840C /* XCRemoteSwiftPackageReference "realm-swift" */,
			);
			productRefGroup = 7620F7492862EFBB00AB840C /* Products */;
			projectDirPath = "";
			projectRoot = "";
			targets = (
				7620F7472862EFBB00AB840C /* MyListExpenses */,
			);
		};
/* End PBXProject section */

/* Begin PBXResourcesBuildPhase section */
		7620F7462862EFBB00AB840C /* Resources */ = {
			isa = PBXResourcesBuildPhase;
			buildActionMask = 2147483647;
			files = (
				7620F7582862EFBC00AB840C /* LaunchScreen.storyboard in Resources */,
				7620F7552862EFBC00AB840C /* Assets.xcassets in Resources */,
				7620F7532862EFBB00AB840C /* Main.storyboard in Resources */,
			);
			runOnlyForDeploymentPostprocessing = 0;
		};
/* End PBXResourcesBuildPhase section */

/* Begin PBXSourcesBuildPhase section */
		7620F7442862EFBB00AB840C /* Sources */ = {
			isa = PBXSourcesBuildPhase;
			buildActionMask = 2147483647;
			files = (
				7623B68A2864CA210051FC35 /* ExpenseListTableViewCell.swift in Sources */,
				7620F74C2862EFBB00AB840C /* AppDelegate.swift in Sources */,
				767360192863089100BD7B2E /* DataManager.swift in Sources */,
				7620F74E2862EFBB00AB840C /* SceneDelegate.swift in Sources */,
				763E59802863348C00953BE4 /* ExpensesTableViewController.swift in Sources */,
				76A3A2F12863008D00FBD24B /* StorageManager.swift in Sources */,
				76A3A2EE2862FE2500FBD24B /* ModelExpense.swift in Sources */,
				7620F7662862F42E00AB840C /* MyListExpenseTableViewController.swift in Sources */,
			);
			runOnlyForDeploymentPostprocessing = 0;
		};
/* End PBXSourcesBuildPhase section */

/* Begin PBXVariantGroup section */
		7620F7512862EFBB00AB840C /* Main.storyboard */ = {
			isa = PBXVariantGroup;
			children = (
				7620F7522862EFBB00AB840C /* Base */,
			);
			name = Main.storyboard;
			sourceTree = "<group>";
		};
		7620F7562862EFBC00AB840C /* LaunchScreen.storyboard */ = {
			isa = PBXVariantGroup;
			children = (
				7620F7572862EFBC00AB840C /* Base */,
			);
			name = LaunchScreen.storyboard;
			sourceTree = "<group>";
		};
/* End PBXVariantGroup section */

/* Begin XCBuildConfiguration section */
		7620F75A2862EFBC00AB840C /* Debug */ = {
			isa = XCBuildConfiguration;
			buildSettings = {
				ALWAYS_SEARCH_USER_PATHS = NO;
				CLANG_ANALYZER_NONNULL = YES;
				CLANG_ANALYZER_NUMBER_OBJECT_CONVERSION = YES_AGGRESSIVE;
				CLANG_CXX_LANGUAGE_STANDARD = "gnu++17";
				CLANG_ENABLE_MODULES = YES;
				CLANG_ENABLE_OBJC_ARC = YES;
				CLANG_ENABLE_OBJC_WEAK = YES;
				CLANG_WARN_BLOCK_CAPTURE_AUTORELEASING = YES;
				CLANG_WARN_BOOL_CONVERSION = YES;
				CLANG_WARN_COMMA = YES;
				CLANG_WARN_CONSTANT_CONVERSION = YES;
				CLANG_WARN_DEPRECATED_OBJC_IMPLEMENTATIONS = YES;
				CLANG_WARN_DIRECT_OBJC_ISA_USAGE = YES_ERROR;
				CLANG_WARN_DOCUMENTATION_COMMENTS = YES;
				CLANG_WARN_EMPTY_BODY = YES;
				CLANG_WARN_ENUM_CONVERSION = YES;
				CLANG_WARN_INFINITE_RECURSION = YES;
				CLANG_WARN_INT_CONVERSION = YES;
				CLANG_WARN_NON_LITERAL_NULL_CONVERSION = YES;
				CLANG_WARN_OBJC_IMPLICIT_RETAIN_SELF = YES;
				CLANG_WARN_OBJC_LITERAL_CONVERSION = YES;
				CLANG_WARN_OBJC_ROOT_CLASS = YES_ERROR;
				CLANG_WARN_QUOTED_INCLUDE_IN_FRAMEWORK_HEADER = YES;
				CLANG_WARN_RANGE_LOOP_ANALYSIS = YES;
				CLANG_WARN_STRICT_PROTOTYPES = YES;
				CLANG_WARN_SUSPICIOUS_MOVE = YES;
				CLANG_WARN_UNGUARDED_AVAILABILITY = YES_AGGRESSIVE;
				CLANG_WARN_UNREACHABLE_CODE = YES;
				CLANG_WARN__DUPLICATE_METHOD_MATCH = YES;
				COPY_PHASE_STRIP = NO;
				DEBUG_INFORMATION_FORMAT = dwarf;
				ENABLE_STRICT_OBJC_MSGSEND = YES;
				ENABLE_TESTABILITY = YES;
				GCC_C_LANGUAGE_STANDARD = gnu11;
				GCC_DYNAMIC_NO_PIC = NO;
				GCC_NO_COMMON_BLOCKS = YES;
				GCC_OPTIMIZATION_LEVEL = 0;
				GCC_PREPROCESSOR_DEFINITIONS = (
					"DEBUG=1",
					"$(inherited)",
				);
				GCC_WARN_64_TO_32_BIT_CONVERSION = YES;
				GCC_WARN_ABOUT_RETURN_TYPE = YES_ERROR;
				GCC_WARN_UNDECLARED_SELECTOR = YES;
				GCC_WARN_UNINITIALIZED_AUTOS = YES_AGGRESSIVE;
				GCC_WARN_UNUSED_FUNCTION = YES;
				GCC_WARN_UNUSED_VARIABLE = YES;
				IPHONEOS_DEPLOYMENT_TARGET = 15.4;
				MTL_ENABLE_DEBUG_INFO = INCLUDE_SOURCE;
				MTL_FAST_MATH = YES;
				ONLY_ACTIVE_ARCH = YES;
				SDKROOT = iphoneos;
				SWIFT_ACTIVE_COMPILATION_CONDITIONS = DEBUG;
				SWIFT_OPTIMIZATION_LEVEL = "-Onone";
			};
			name = Debug;
		};
		7620F75B2862EFBC00AB840C /* Release */ = {
			isa = XCBuildConfiguration;
			buildSettings = {
				ALWAYS_SEARCH_USER_PATHS = NO;
				CLANG_ANALYZER_NONNULL = YES;
				CLANG_ANALYZER_NUMBER_OBJECT_CONVERSION = YES_AGGRESSIVE;
				CLANG_CXX_LANGUAGE_STANDARD = "gnu++17";
				CLANG_ENABLE_MODULES = YES;
				CLANG_ENABLE_OBJC_ARC = YES;
				CLANG_ENABLE_OBJC_WEAK = YES;
				CLANG_WARN_BLOCK_CAPTURE_AUTORELEASING = YES;
				CLANG_WARN_BOOL_CONVERSION = YES;
				CLANG_WARN_COMMA = YES;
				CLANG_WARN_CONSTANT_CONVERSION = YES;
				CLANG_WARN_DEPRECATED_OBJC_IMPLEMENTATIONS = YES;
				CLANG_WARN_DIRECT_OBJC_ISA_USAGE = YES_ERROR;
				CLANG_WARN_DOCUMENTATION_COMMENTS = YES;
				CLANG_WARN_EMPTY_BODY = YES;
				CLANG_WARN_ENUM_CONVERSION = YES;
				CLANG_WARN_INFINITE_RECURSION = YES;
				CLANG_WARN_INT_CONVERSION = YES;
				CLANG_WARN_NON_LITERAL_NULL_CONVERSION = YES;
				CLANG_WARN_OBJC_IMPLICIT_RETAIN_SELF = YES;
				CLANG_WARN_OBJC_LITERAL_CONVERSION = YES;
				CLANG_WARN_OBJC_ROOT_CLASS = YES_ERROR;
				CLANG_WARN_QUOTED_INCLUDE_IN_FRAMEWORK_HEADER = YES;
				CLANG_WARN_RANGE_LOOP_ANALYSIS = YES;
				CLANG_WARN_STRICT_PROTOTYPES = YES;
				CLANG_WARN_SUSPICIOUS_MOVE = YES;
				CLANG_WARN_UNGUARDED_AVAILABILITY = YES_AGGRESSIVE;
				CLANG_WARN_UNREACHABLE_CODE = YES;
				CLANG_WARN__DUPLICATE_METHOD_MATCH = YES;
				COPY_PHASE_STRIP = NO;
				DEBUG_INFORMATION_FORMAT = "dwarf-with-dsym";
				ENABLE_NS_ASSERTIONS = NO;
				ENABLE_STRICT_OBJC_MSGSEND = YES;
				GCC_C_LANGUAGE_STANDARD = gnu11;
				GCC_NO_COMMON_BLOCKS = YES;
				GCC_WARN_64_TO_32_BIT_CONVERSION = YES;
				GCC_WARN_ABOUT_RETURN_TYPE = YES_ERROR;
				GCC_WARN_UNDECLARED_SELECTOR = YES;
				GCC_WARN_UNINITIALIZED_AUTOS = YES_AGGRESSIVE;
				GCC_WARN_UNUSED_FUNCTION = YES;
				GCC_WARN_UNUSED_VARIABLE = YES;
				IPHONEOS_DEPLOYMENT_TARGET = 15.4;
				MTL_ENABLE_DEBUG_INFO = NO;
				MTL_FAST_MATH = YES;
				SDKROOT = iphoneos;
				SWIFT_COMPILATION_MODE = wholemodule;
				SWIFT_OPTIMIZATION_LEVEL = "-O";
				VALIDATE_PRODUCT = YES;
			};
			name = Release;
		};
		7620F75D2862EFBC00AB840C /* Debug */ = {
			isa = XCBuildConfiguration;
			buildSettings = {
				ASSETCATALOG_COMPILER_APPICON_NAME = AppIcon;
				ASSETCATALOG_COMPILER_GLOBAL_ACCENT_COLOR_NAME = AccentColor;
				CODE_SIGN_STYLE = Automatic;
				CURRENT_PROJECT_VERSION = 1;
				DEVELOPMENT_TEAM = N85MKK397C;
				GENERATE_INFOPLIST_FILE = YES;
				INFOPLIST_FILE = MyListExpenses/App/Info.plist;
				INFOPLIST_KEY_UIApplicationSupportsIndirectInputEvents = YES;
				INFOPLIST_KEY_UILaunchStoryboardName = LaunchScreen;
				INFOPLIST_KEY_UIMainStoryboardFile = Main;
				INFOPLIST_KEY_UISupportedInterfaceOrientations_iPad = "UIInterfaceOrientationPortrait UIInterfaceOrientationPortraitUpsideDown UIInterfaceOrientationLandscapeLeft UIInterfaceOrientationLandscapeRight";
				INFOPLIST_KEY_UISupportedInterfaceOrientations_iPhone = "UIInterfaceOrientationPortrait UIInterfaceOrientationLandscapeLeft UIInterfaceOrientationLandscapeRight";
				LD_RUNPATH_SEARCH_PATHS = (
					"$(inherited)",
					"@executable_path/Frameworks",
				);
				MARKETING_VERSION = 1.0;
				PRODUCT_BUNDLE_IDENTIFIER = max.MyListExpenses;
				PRODUCT_NAME = "$(TARGET_NAME)";
				SWIFT_EMIT_LOC_STRINGS = YES;
				SWIFT_VERSION = 5.0;
				TARGETED_DEVICE_FAMILY = "1,2";
			};
			name = Debug;
		};
		7620F75E2862EFBC00AB840C /* Release */ = {
			isa = XCBuildConfiguration;
			buildSettings = {
				ASSETCATALOG_COMPILER_APPICON_NAME = AppIcon;
				ASSETCATALOG_COMPILER_GLOBAL_ACCENT_COLOR_NAME = AccentColor;
				CODE_SIGN_STYLE = Automatic;
				CURRENT_PROJECT_VERSION = 1;
				DEVELOPMENT_TEAM = N85MKK397C;
				GENERATE_INFOPLIST_FILE = YES;
				INFOPLIST_FILE = MyListExpenses/App/Info.plist;
				INFOPLIST_KEY_UIApplicationSupportsIndirectInputEvents = YES;
				INFOPLIST_KEY_UILaunchStoryboardName = LaunchScreen;
				INFOPLIST_KEY_UIMainStoryboardFile = Main;
				INFOPLIST_KEY_UISupportedInterfaceOrientations_iPad = "UIInterfaceOrientationPortrait UIInterfaceOrientationPortraitUpsideDown UIInterfaceOrientationLandscapeLeft UIInterfaceOrientationLandscapeRight";
				INFOPLIST_KEY_UISupportedInterfaceOrientations_iPhone = "UIInterfaceOrientationPortrait UIInterfaceOrientationLandscapeLeft UIInterfaceOrientationLandscapeRight";
				LD_RUNPATH_SEARCH_PATHS = (
					"$(inherited)",
					"@executable_path/Frameworks",
				);
				MARKETING_VERSION = 1.0;
				PRODUCT_BUNDLE_IDENTIFIER = max.MyListExpenses;
				PRODUCT_NAME = "$(TARGET_NAME)";
				SWIFT_EMIT_LOC_STRINGS = YES;
				SWIFT_VERSION = 5.0;
				TARGETED_DEVICE_FAMILY = "1,2";
			};
			name = Release;
		};
/* End XCBuildConfiguration section */

/* Begin XCConfigurationList section */
		7620F7432862EFBB00AB840C /* Build configuration list for PBXProject "MyListExpenses" */ = {
			isa = XCConfigurationList;
			buildConfigurations = (
				7620F75A2862EFBC00AB840C /* Debug */,
				7620F75B2862EFBC00AB840C /* Release */,
			);
			defaultConfigurationIsVisible = 0;
			defaultConfigurationName = Release;
		};
		7620F75C2862EFBC00AB840C /* Build configuration list for PBXNativeTarget "MyListExpenses" */ = {
			isa = XCConfigurationList;
			buildConfigurations = (
				7620F75D2862EFBC00AB840C /* Debug */,
				7620F75E2862EFBC00AB840C /* Release */,
			);
			defaultConfigurationIsVisible = 0;
			defaultConfigurationName = Release;
		};
/* End XCConfigurationList section */

/* Begin XCRemoteSwiftPackageReference section */
		7620F75F2862F22100AB840C /* XCRemoteSwiftPackageReference "realm-swift" */ = {
			isa = XCRemoteSwiftPackageReference;
			repositoryURL = "https://github.com/realm/realm-swift.git";
			requirement = {
				branch = master;
				kind = branch;
			};
		};
/* End XCRemoteSwiftPackageReference section */

/* Begin XCSwiftPackageProductDependency section */
		7620F7602862F22100AB840C /* Realm */ = {
			isa = XCSwiftPackageProductDependency;
			package = 7620F75F2862F22100AB840C /* XCRemoteSwiftPackageReference "realm-swift" */;
			productName = Realm;
		};
		7620F7622862F22100AB840C /* RealmSwift */ = {
			isa = XCSwiftPackageProductDependency;
			package = 7620F75F2862F22100AB840C /* XCRemoteSwiftPackageReference "realm-swift" */;
			productName = RealmSwift;
		};
/* End XCSwiftPackageProductDependency section */
	};
	rootObject = 7620F7402862EFBB00AB840C /* Project object */;
}
